// !$*UTF8*$!
{
	archiveVersion = 1;
	classes = {
	};
	objectVersion = 50;
	objects = {

/* Begin PBXBuildFile section */
		50576D9F2142BFE000FCB2E8 /* PlayerDetailsViewController.swift in Sources */ = {isa = PBXBuildFile; fileRef = 50576D9E2142BFE000FCB2E8 /* PlayerDetailsViewController.swift */; };
		50576DA12142C79800FCB2E8 /* GamePickerViewController.swift in Sources */ = {isa = PBXBuildFile; fileRef = 50576DA02142C79800FCB2E8 /* GamePickerViewController.swift */; };
		50576DA32142CC3700FCB2E8 /* Players.storyboard in Resources */ = {isa = PBXBuildFile; fileRef = 50576DA22142CC3700FCB2E8 /* Players.storyboard */; };
		50D6E01C21427CED00F6BCDE /* PlayerCell.swift in Sources */ = {isa = PBXBuildFile; fileRef = 50D6E01B21427CED00F6BCDE /* PlayerCell.swift */; };
		50E6E33221426D0600E74146 /* AppDelegate.swift in Sources */ = {isa = PBXBuildFile; fileRef = 50E6E33121426D0600E74146 /* AppDelegate.swift */; };
		50E6E33421426D0600E74146 /* ViewController.swift in Sources */ = {isa = PBXBuildFile; fileRef = 50E6E33321426D0600E74146 /* ViewController.swift */; };
		50E6E33721426D0600E74146 /* Main.storyboard in Resources */ = {isa = PBXBuildFile; fileRef = 50E6E33521426D0600E74146 /* Main.storyboard */; };
		50E6E33921426D0E00E74146 /* Assets.xcassets in Resources */ = {isa = PBXBuildFile; fileRef = 50E6E33821426D0E00E74146 /* Assets.xcassets */; };
		50E6E33C21426D0E00E74146 /* LaunchScreen.storyboard in Resources */ = {isa = PBXBuildFile; fileRef = 50E6E33A21426D0E00E74146 /* LaunchScreen.storyboard */; };
		50E6E36F2142749C00E74146 /* PlayersViewController.swift in Sources */ = {isa = PBXBuildFile; fileRef = 50E6E36E2142749C00E74146 /* PlayersViewController.swift */; };
		50E6E371214274FD00E74146 /* Player.swift in Sources */ = {isa = PBXBuildFile; fileRef = 50E6E370214274FD00E74146 /* Player.swift */; };
		50E6E3732142753500E74146 /* SampleData.swift in Sources */ = {isa = PBXBuildFile; fileRef = 50E6E3722142753500E74146 /* SampleData.swift */; };
/* End PBXBuildFile section */

/* Begin PBXFileReference section */
		50576D9E2142BFE000FCB2E8 /* PlayerDetailsViewController.swift */ = {isa = PBXFileReference; lastKnownFileType = sourcecode.swift; path = PlayerDetailsViewController.swift; sourceTree = "<group>"; };
		50576DA02142C79800FCB2E8 /* GamePickerViewController.swift */ = {isa = PBXFileReference; lastKnownFileType = sourcecode.swift; path = GamePickerViewController.swift; sourceTree = "<group>"; };
		50576DA22142CC3700FCB2E8 /* Players.storyboard */ = {isa = PBXFileReference; fileEncoding = 4; lastKnownFileType = file.storyboard; path = Players.storyboard; sourceTree = "<group>"; };
		50D6E01B21427CED00F6BCDE /* PlayerCell.swift */ = {isa = PBXFileReference; lastKnownFileType = sourcecode.swift; path = PlayerCell.swift; sourceTree = "<group>"; };
		50E6E32E21426D0600E74146 /* Ratings.app */ = {isa = PBXFileReference; explicitFileType = wrapper.application; includeInIndex = 0; path = Ratings.app; sourceTree = BUILT_PRODUCTS_DIR; };
		50E6E33121426D0600E74146 /* AppDelegate.swift */ = {isa = PBXFileReference; lastKnownFileType = sourcecode.swift; path = AppDelegate.swift; sourceTree = "<group>"; };
		50E6E33321426D0600E74146 /* ViewController.swift */ = {isa = PBXFileReference; lastKnownFileType = sourcecode.swift; path = ViewController.swift; sourceTree = "<group>"; };
		50E6E33621426D0600E74146 /* Base */ = {isa = PBXFileReference; lastKnownFileType = file.storyboard; name = Base; path = Base.lproj/Main.storyboard; sourceTree = "<group>"; };
		50E6E33821426D0E00E74146 /* Assets.xcassets */ = {isa = PBXFileReference; lastKnownFileType = folder.assetcatalog; path = Assets.xcassets; sourceTree = "<group>"; };
		50E6E33B21426D0E00E74146 /* Base */ = {isa = PBXFileReference; lastKnownFileType = file.storyboard; name = Base; path = Base.lproj/LaunchScreen.storyboard; sourceTree = "<group>"; };
		50E6E33D21426D0E00E74146 /* Info.plist */ = {isa = PBXFileReference; lastKnownFileType = text.plist.xml; path = Info.plist; sourceTree = "<group>"; };
		50E6E36E2142749C00E74146 /* PlayersViewController.swift */ = {isa = PBXFileReference; lastKnownFileType = sourcecode.swift; path = PlayersViewController.swift; sourceTree = "<group>"; };
		50E6E370214274FD00E74146 /* Player.swift */ = {isa = PBXFileReference; lastKnownFileType = sourcecode.swift; path = Player.swift; sourceTree = "<group>"; };
		50E6E3722142753500E74146 /* SampleData.swift */ = {isa = PBXFileReference; lastKnownFileType = sourcecode.swift; path = SampleData.swift; sourceTree = "<group>"; };
/* End PBXFileReference section */

/* Begin PBXFrameworksBuildPhase section */
		50E6E32B21426D0600E74146 /* Frameworks */ = {
			isa = PBXFrameworksBuildPhase;
			buildActionMask = 2147483647;
			files = (
			);
			runOnlyForDeploymentPostprocessing = 0;
		};
/* End PBXFrameworksBuildPhase section */

/* Begin PBXGroup section */
		50E6E32521426D0600E74146 = {
			isa = PBXGroup;
			children = (
				50E6E33021426D0600E74146 /* Ratings */,
				50E6E32F21426D0600E74146 /* Products */,
			);
			sourceTree = "<group>";
		};
		50E6E32F21426D0600E74146 /* Products */ = {
			isa = PBXGroup;
			children = (
				50E6E32E21426D0600E74146 /* Ratings.app */,
			);
			name = Products;
			sourceTree = "<group>";
		};
		50E6E33021426D0600E74146 /* Ratings */ = {
			isa = PBXGroup;
			children = (
				50576DA22142CC3700FCB2E8 /* Players.storyboard */,
				50E6E33121426D0600E74146 /* AppDelegate.swift */,
				50E6E370214274FD00E74146 /* Player.swift */,
				50E6E33321426D0600E74146 /* ViewController.swift */,
				50E6E33521426D0600E74146 /* Main.storyboard */,
				50E6E33821426D0E00E74146 /* Assets.xcassets */,
				50E6E33A21426D0E00E74146 /* LaunchScreen.storyboard */,
				50E6E33D21426D0E00E74146 /* Info.plist */,
				50E6E36E2142749C00E74146 /* PlayersViewController.swift */,
				50E6E3722142753500E74146 /* SampleData.swift */,
				50D6E01B21427CED00F6BCDE /* PlayerCell.swift */,
				50576D9E2142BFE000FCB2E8 /* PlayerDetailsViewController.swift */,
				50576DA02142C79800FCB2E8 /* GamePickerViewController.swift */,
			);
			path = Ratings;
			sourceTree = "<group>";
		};
/* End PBXGroup section */

/* Begin PBXNativeTarget section */
		50E6E32D21426D0600E74146 /* Ratings */ = {
			isa = PBXNativeTarget;
			buildConfigurationList = 50E6E34021426D0E00E74146 /* Build configuration list for PBXNativeTarget "Ratings" */;
			buildPhases = (
				50E6E32A21426D0600E74146 /* Sources */,
				50E6E32B21426D0600E74146 /* Frameworks */,
				50E6E32C21426D0600E74146 /* Resources */,
			);
			buildRules = (
			);
			dependencies = (
			);
			name = Ratings;
			productName = Ratings;
			productReference = 50E6E32E21426D0600E74146 /* Ratings.app */;
			productType = "com.apple.product-type.application";
		};
/* End PBXNativeTarget section */

/* Begin PBXProject section */
		50E6E32621426D0600E74146 /* Project object */ = {
			isa = PBXProject;
			attributes = {
				LastSwiftUpdateCheck = 1000;
				LastUpgradeCheck = 1000;
				ORGANIZATIONNAME = "Max Altena";
				TargetAttributes = {
					50E6E32D21426D0600E74146 = {
						CreatedOnToolsVersion = 10.0;
					};
				};
			};
			buildConfigurationList = 50E6E32921426D0600E74146 /* Build configuration list for PBXProject "Ratings" */;
			compatibilityVersion = "Xcode 9.3";
			developmentRegion = en;
			hasScannedForEncodings = 0;
			knownRegions = (
				en,
				Base,
			);
			mainGroup = 50E6E32521426D0600E74146;
			productRefGroup = 50E6E32F21426D0600E74146 /* Products */;
			projectDirPath = "";
			projectRoot = "";
			targets = (
				50E6E32D21426D0600E74146 /* Ratings */,
			);
		};
/* End PBXProject section */

/* Begin PBXResourcesBuildPhase section */
		50E6E32C21426D0600E74146 /* Resources */ = {
			isa = PBXResourcesBuildPhase;
			buildActionMask = 2147483647;
			files = (
				50E6E33C21426D0E00E74146 /* LaunchScreen.storyboard in Resources */,
				50576DA32142CC3700FCB2E8 /* Players.storyboard in Resources */,
				50E6E33921426D0E00E74146 /* Assets.xcassets in Resources */,
				50E6E33721426D0600E74146 /* Main.storyboard in Resources */,
			);
			runOnlyForDeploymentPostprocessing = 0;
		};
/* End PBXResourcesBuildPhase section */

/* Begin PBXSourcesBuildPhase section */
		50E6E32A21426D0600E74146 /* Sources */ = {
			isa = PBXSourcesBuildPhase;
			buildActionMask = 2147483647;
			files = (
				50576DA12142C79800FCB2E8 /* GamePickerViewController.swift in Sources */,
				50D6E01C21427CED00F6BCDE /* PlayerCell.swift in Sources */,
				50E6E371214274FD00E74146 /* Player.swift in Sources */,
				50E6E33421426D0600E74146 /* ViewController.swift in Sources */,
				50576D9F2142BFE000FCB2E8 /* PlayerDetailsViewController.swift in Sources */,
				50E6E33221426D0600E74146 /* AppDelegate.swift in Sources */,
				50E6E3732142753500E74146 /* SampleData.swift in Sources */,
				50E6E36F2142749C00E74146 /* PlayersViewController.swift in Sources */,
			);
			runOnlyForDeploymentPostprocessing = 0;
		};
/* End PBXSourcesBuildPhase section */

/* Begin PBXVariantGroup section */
		50E6E33521426D0600E74146 /* Main.storyboard */ = {
			isa = PBXVariantGroup;
			children = (
				50E6E33621426D0600E74146 /* Base */,
			);
			name = Main.storyboard;
			sourceTree = "<group>";
		};
		50E6E33A21426D0E00E74146 /* LaunchScreen.storyboard */ = {
			isa = PBXVariantGroup;
			children = (
				50E6E33B21426D0E00E74146 /* Base */,
			);
			name = LaunchScreen.storyboard;
			sourceTree = "<group>";
		};
/* End PBXVariantGroup section */

/* Begin XCBuildConfiguration section */
		50E6E33E21426D0E00E74146 /* Debug */ = {
			isa = XCBuildConfiguration;
			buildSettings = {
				ALWAYS_SEARCH_USER_PATHS = NO;
				CLANG_ANALYZER_NONNULL = YES;
				CLANG_ANALYZER_NUMBER_OBJECT_CONVERSION = YES_AGGRESSIVE;
				CLANG_CXX_LANGUAGE_STANDARD = "gnu++14";
				CLANG_CXX_LIBRARY = "libc++";
				CLANG_ENABLE_MODULES = YES;
				CLANG_ENABLE_OBJC_ARC = YES;
				CLANG_ENABLE_OBJC_WEAK = YES;
				CLANG_WARN_BLOCK_CAPTURE_AUTORELEASING = YES;
				CLANG_WARN_BOOL_CONVERSION = YES;
				CLANG_WARN_COMMA = YES;
				CLANG_WARN_CONSTANT_CONVERSION = YES;
				CLANG_WARN_DEPRECATED_OBJC_IMPLEMENTATIONS = YES;
				CLANG_WARN_DIRECT_OBJC_ISA_USAGE = YES_ERROR;
				CLANG_WARN_DOCUMENTATION_COMMENTS = YES;
				CLANG_WARN_EMPTY_BODY = YES;
				CLANG_WARN_ENUM_CONVERSION = YES;
				CLANG_WARN_INFINITE_RECURSION = YES;
				CLANG_WARN_INT_CONVERSION = YES;
				CLANG_WARN_NON_LITERAL_NULL_CONVERSION = YES;
				CLANG_WARN_OBJC_IMPLICIT_RETAIN_SELF = YES;
				CLANG_WARN_OBJC_LITERAL_CONVERSION = YES;
				CLANG_WARN_OBJC_ROOT_CLASS = YES_ERROR;
				CLANG_WARN_RANGE_LOOP_ANALYSIS = YES;
				CLANG_WARN_STRICT_PROTOTYPES = YES;
				CLANG_WARN_SUSPICIOUS_MOVE = YES;
				CLANG_WARN_UNGUARDED_AVAILABILITY = YES_AGGRESSIVE;
				CLANG_WARN_UNREACHABLE_CODE = YES;
				CLANG_WARN__DUPLICATE_METHOD_MATCH = YES;
				CODE_SIGN_IDENTITY = "iPhone Developer";
				COPY_PHASE_STRIP = NO;
				DEBUG_INFORMATION_FORMAT = dwarf;
				ENABLE_STRICT_OBJC_MSGSEND = YES;
				ENABLE_TESTABILITY = YES;
				GCC_C_LANGUAGE_STANDARD = gnu11;
				GCC_DYNAMIC_NO_PIC = NO;
				GCC_NO_COMMON_BLOCKS = YES;
				GCC_OPTIMIZATION_LEVEL = 0;
				GCC_PREPROCESSOR_DEFINITIONS = (
					"DEBUG=1",
					"$(inherited)",
				);
				GCC_WARN_64_TO_32_BIT_CONVERSION = YES;
				GCC_WARN_ABOUT_RETURN_TYPE = YES_ERROR;
				GCC_WARN_UNDECLARED_SELECTOR = YES;
				GCC_WARN_UNINITIALIZED_AUTOS = YES_AGGRESSIVE;
				GCC_WARN_UNUSED_FUNCTION = YES;
				GCC_WARN_UNUSED_VARIABLE = YES;
				IPHONEOS_DEPLOYMENT_TARGET = 12.0;
				MTL_ENABLE_DEBUG_INFO = INCLUDE_SOURCE;
				MTL_FAST_MATH = YES;
				ONLY_ACTIVE_ARCH = YES;
				SDKROOT = iphoneos;
				SWIFT_ACTIVE_COMPILATION_CONDITIONS = DEBUG;
				SWIFT_OPTIMIZATION_LEVEL = "-Onone";
			};
			name = Debug;
		};
		50E6E33F21426D0E00E74146 /* Release */ = {
			isa = XCBuildConfiguration;
			buildSettings = {
				ALWAYS_SEARCH_USER_PATHS = NO;
				CLANG_ANALYZER_NONNULL = YES;
				CLANG_ANALYZER_NUMBER_OBJECT_CONVERSION = YES_AGGRESSIVE;
				CLANG_CXX_LANGUAGE_STANDARD = "gnu++14";
				CLANG_CXX_LIBRARY = "libc++";
				CLANG_ENABLE_MODULES = YES;
				CLANG_ENABLE_OBJC_ARC = YES;
				CLANG_ENABLE_OBJC_WEAK = YES;
				CLANG_WARN_BLOCK_CAPTURE_AUTORELEASING = YES;
				CLANG_WARN_BOOL_CONVERSION = YES;
				CLANG_WARN_COMMA = YES;
				CLANG_WARN_CONSTANT_CONVERSION = YES;
				CLANG_WARN_DEPRECATED_OBJC_IMPLEMENTATIONS = YES;
				CLANG_WARN_DIRECT_OBJC_ISA_USAGE = YES_ERROR;
				CLANG_WARN_DOCUMENTATION_COMMENTS = YES;
				CLANG_WARN_EMPTY_BODY = YES;
				CLANG_WARN_ENUM_CONVERSION = YES;
				CLANG_WARN_INFINITE_RECURSION = YES;
				CLANG_WARN_INT_CONVERSION = YES;
				CLANG_WARN_NON_LITERAL_NULL_CONVERSION = YES;
				CLANG_WARN_OBJC_IMPLICIT_RETAIN_SELF = YES;
				CLANG_WARN_OBJC_LITERAL_CONVERSION = YES;
				CLANG_WARN_OBJC_ROOT_CLASS = YES_ERROR;
				CLANG_WARN_RANGE_LOOP_ANALYSIS = YES;
				CLANG_WARN_STRICT_PROTOTYPES = YES;
				CLANG_WARN_SUSPICIOUS_MOVE = YES;
				CLANG_WARN_UNGUARDED_AVAILABILITY = YES_AGGRESSIVE;
				CLANG_WARN_UNREACHABLE_CODE = YES;
				CLANG_WARN__DUPLICATE_METHOD_MATCH = YES;
				CODE_SIGN_IDENTITY = "iPhone Developer";
				COPY_PHASE_STRIP = NO;
				DEBUG_INFORMATION_FORMAT = "dwarf-with-dsym";
				ENABLE_NS_ASSERTIONS = NO;
				ENABLE_STRICT_OBJC_MSGSEND = YES;
				GCC_C_LANGUAGE_STANDARD = gnu11;
				GCC_NO_COMMON_BLOCKS = YES;
				GCC_WARN_64_TO_32_BIT_CONVERSION = YES;
				GCC_WARN_ABOUT_RETURN_TYPE = YES_ERROR;
				GCC_WARN_UNDECLARED_SELECTOR = YES;
				GCC_WARN_UNINITIALIZED_AUTOS = YES_AGGRESSIVE;
				GCC_WARN_UNUSED_FUNCTION = YES;
				GCC_WARN_UNUSED_VARIABLE = YES;
				IPHONEOS_DEPLOYMENT_TARGET = 12.0;
				MTL_ENABLE_DEBUG_INFO = NO;
				MTL_FAST_MATH = YES;
				SDKROOT = iphoneos;
				SWIFT_COMPILATION_MODE = wholemodule;
				SWIFT_OPTIMIZATION_LEVEL = "-O";
				VALIDATE_PRODUCT = YES;
			};
			name = Release;
		};
		50E6E34121426D0E00E74146 /* Debug */ = {
			isa = XCBuildConfiguration;
			buildSettings = {
				ASSETCATALOG_COMPILER_APPICON_NAME = AppIcon;
				CODE_SIGN_STYLE = Automatic;
				DEVELOPMENT_TEAM = 47B7QR8HVH;
				INFOPLIST_FILE = Ratings/Info.plist;
				LD_RUNPATH_SEARCH_PATHS = (
					"$(inherited)",
					"@executable_path/Frameworks",
				);
				PRODUCT_BUNDLE_IDENTIFIER = com.MaxAltena.Ratings;
				PRODUCT_NAME = "$(TARGET_NAME)";
				SWIFT_VERSION = 4.2;
				TARGETED_DEVICE_FAMILY = 1;
			};
			name = Debug;
		};
		50E6E34221426D0E00E74146 /* Release */ = {
			isa = XCBuildConfiguration;
			buildSettings = {
				ASSETCATALOG_COMPILER_APPICON_NAME = AppIcon;
				CODE_SIGN_STYLE = Automatic;
				DEVELOPMENT_TEAM = 47B7QR8HVH;
				INFOPLIST_FILE = Ratings/Info.plist;
				LD_RUNPATH_SEARCH_PATHS = (
					"$(inherited)",
					"@executable_path/Frameworks",
				);
				PRODUCT_BUNDLE_IDENTIFIER = com.MaxAltena.Ratings;
				PRODUCT_NAME = "$(TARGET_NAME)";
				SWIFT_VERSION = 4.2;
				TARGETED_DEVICE_FAMILY = 1;
			};
			name = Release;
		};
/* End XCBuildConfiguration section */

/* Begin XCConfigurationList section */
		50E6E32921426D0600E74146 /* Build configuration list for PBXProject "Ratings" */ = {
			isa = XCConfigurationList;
			buildConfigurations = (
				50E6E33E21426D0E00E74146 /* Debug */,
				50E6E33F21426D0E00E74146 /* Release */,
			);
			defaultConfigurationIsVisible = 0;
			defaultConfigurationName = Release;
		};
		50E6E34021426D0E00E74146 /* Build configuration list for PBXNativeTarget "Ratings" */ = {
			isa = XCConfigurationList;
			buildConfigurations = (
				50E6E34121426D0E00E74146 /* Debug */,
				50E6E34221426D0E00E74146 /* Release */,
			);
			defaultConfigurationIsVisible = 0;
			defaultConfigurationName = Release;
		};
/* End XCConfigurationList section */
	};
	rootObject = 50E6E32621426D0600E74146 /* Project object */;
}
